
Microsoft Visual Studio Solution File, Format Version 12.00
# Visual Studio Version 17
VisualStudioVersion = 17.3.32922.545
MinimumVisualStudioVersion = 10.0.40219.1
Project("{FAE04EC0-301F-11D3-BF4B-00C04F79EFBC}") = "Async-Await-Example", "Async-Await-Example\Async-Await-Example.csproj", "{D1DD277A-7894-472D-8497-9D55D7C5EA25}"
EndProject
Global
	GlobalSection(SolutionConfigurationPlatforms) = preSolution
		Debug|Any CPU = Debug|Any CPU
		Release|Any CPU = Release|Any CPU
	EndGlobalSection
	GlobalSection(ProjectConfigurationPlatforms) = postSolution
		{D1DD277A-7894-472D-8497-9D55D7C5EA25}.Debug|Any CPU.ActiveCfg = Debug|Any CPU
		{D1DD277A-7894-472D-8497-9D55D7C5EA25}.Debug|Any CPU.Build.0 = Debug|Any CPU
		{D1DD277A-7894-472D-8497-9D55D7C5EA25}.Release|Any CPU.ActiveCfg = Release|Any CPU
		{D1DD277A-7894-472D-8497-9D55D7C5EA25}.Release|Any CPU.Build.0 = Release|Any CPU
	EndGlobalSection
	GlobalSection(SolutionProperties) = preSolution
		HideSolutionNode = FALSE
	EndGlobalSection
	GlobalSection(ExtensibilityGlobals) = postSolution
		SolutionGuid = {113B08E7-1BCB-4EA0-B89A-755F9033DAC2}
	EndGlobalSection
EndGlobal
